{
  "name": "server",
  "lockfileVersion": 3,
  "requires": true,
  "dependencies": {
    "mysql2": {
      "version": "^2.x.x",
      "resolved": "https://registry.npmjs.org/mysql2/-/mysql2-2.x.x.tgz",
      "integrity": "sha512-....",
      "engines": {
        "node": ">=14.0.0"
      }
    }
  }
}